
Microsoft Visual Studio Solution File, Format Version 12.00
# Visual Studio Version 17
VisualStudioVersion = 17.0.31912.275
MinimumVisualStudioVersion = 10.0.40219.1
Project("{FAE04EC0-301F-11D3-BF4B-00C04F79EFBC}") = "ConsoleApp1", "ConsoleApp1\ConsoleApp1.csproj", "{386976CA-32A4-4B3D-A748-4438C9A3AF46}"
EndProject
Global
	GlobalSection(SolutionConfigurationPlatforms) = preSolution
		Debug|Any CPU = Debug|Any CPU
		Release|Any CPU = Release|Any CPU
	EndGlobalSection
	GlobalSection(ProjectConfigurationPlatforms) = postSolution
		{386976CA-32A4-4B3D-A748-4438C9A3AF46}.Debug|Any CPU.ActiveCfg = Debug|Any CPU
		{386976CA-32A4-4B3D-A748-4438C9A3AF46}.Debug|Any CPU.Build.0 = Debug|Any CPU
		{386976CA-32A4-4B3D-A748-4438C9A3AF46}.Release|Any CPU.ActiveCfg = Release|Any CPU
		{386976CA-32A4-4B3D-A748-4438C9A3AF46}.Release|Any CPU.Build.0 = Release|Any CPU
	EndGlobalSection
	GlobalSection(SolutionProperties) = preSolution
		HideSolutionNode = FALSE
	EndGlobalSection
	GlobalSection(ExtensibilityGlobals) = postSolution
		SolutionGuid = {B34985F8-39DC-4450-AB82-DD0366EF3E4D}
	EndGlobalSection
EndGlobal
