
Microsoft Visual Studio Solution File, Format Version 12.00
# Visual Studio Version 17
VisualStudioVersion = 17.4.33213.308
MinimumVisualStudioVersion = 10.0.40219.1
Project("{FAE04EC0-301F-11D3-BF4B-00C04F79EFBC}") = "ConsoleApp1", "ConsoleApp1\ConsoleApp1.csproj", "{33C67C0D-8D42-459C-A006-0BEBBCF51770}"
EndProject
Global
	GlobalSection(SolutionConfigurationPlatforms) = preSolution
		Debug|Any CPU = Debug|Any CPU
		Release|Any CPU = Release|Any CPU
	EndGlobalSection
	GlobalSection(ProjectConfigurationPlatforms) = postSolution
		{33C67C0D-8D42-459C-A006-0BEBBCF51770}.Debug|Any CPU.ActiveCfg = Debug|Any CPU
		{33C67C0D-8D42-459C-A006-0BEBBCF51770}.Debug|Any CPU.Build.0 = Debug|Any CPU
		{33C67C0D-8D42-459C-A006-0BEBBCF51770}.Release|Any CPU.ActiveCfg = Release|Any CPU
		{33C67C0D-8D42-459C-A006-0BEBBCF51770}.Release|Any CPU.Build.0 = Release|Any CPU
	EndGlobalSection
	GlobalSection(SolutionProperties) = preSolution
		HideSolutionNode = FALSE
	EndGlobalSection
	GlobalSection(ExtensibilityGlobals) = postSolution
		SolutionGuid = {3BA99E85-1CF7-4707-993C-EF703C9F895C}
	EndGlobalSection
EndGlobal
